
Microsoft Visual Studio Solution File, Format Version 12.00
# Visual Studio Version 17
VisualStudioVersion = 17.2.32630.192
MinimumVisualStudioVersion = 10.0.40219.1
Project("{FAE04EC0-301F-11D3-BF4B-00C04F79EFBC}") = "GenericHomework", "GenericHomework\GenericHomework.csproj", "{DDF2F418-1648-439F-91DE-029964986A00}"
EndProject
Global
	GlobalSection(SolutionConfigurationPlatforms) = preSolution
		Debug|Any CPU = Debug|Any CPU
		Release|Any CPU = Release|Any CPU
	EndGlobalSection
	GlobalSection(ProjectConfigurationPlatforms) = postSolution
		{DDF2F418-1648-439F-91DE-029964986A00}.Debug|Any CPU.ActiveCfg = Debug|Any CPU
		{DDF2F418-1648-439F-91DE-029964986A00}.Debug|Any CPU.Build.0 = Debug|Any CPU
		{DDF2F418-1648-439F-91DE-029964986A00}.Release|Any CPU.ActiveCfg = Release|Any CPU
		{DDF2F418-1648-439F-91DE-029964986A00}.Release|Any CPU.Build.0 = Release|Any CPU
	EndGlobalSection
	GlobalSection(SolutionProperties) = preSolution
		HideSolutionNode = FALSE
	EndGlobalSection
	GlobalSection(ExtensibilityGlobals) = postSolution
		SolutionGuid = {5B56F2A4-DD1B-4BB6-9267-1A236FA310EF}
	EndGlobalSection
EndGlobal
